
Microsoft Visual Studio Solution File, Format Version 12.00
# Visual Studio Version 16
VisualStudioVersion = 16.0.30804.86
MinimumVisualStudioVersion = 10.0.40219.1
Project("{FAE04EC0-301F-11D3-BF4B-00C04F79EFBC}") = "JDS.Integration.Web", "JDS.Integration.Web\JDS.Integration.Web.csproj", "{DFD20BE7-EB1E-448F-B215-6120254F06BA}"
EndProject
Project("{FAE04EC0-301F-11D3-BF4B-00C04F79EFBC}") = "JDS.Integration.API", "JDS.Integration.API\JDS.Integration.API.csproj", "{06AE56B4-F22A-46AB-A438-0E60E5B05469}"
EndProject
Project("{9A19103F-16F7-4668-BE54-9A1E7A4F7556}") = "Package.AAD.Security", "Package.AAD.Security\Package.AAD.Security.csproj", "{2C076751-7B3D-4C07-80F0-7C849BF3A2BA}"
EndProject
Global
	GlobalSection(SolutionConfigurationPlatforms) = preSolution
		Debug|Any CPU = Debug|Any CPU
		Release|Any CPU = Release|Any CPU
	EndGlobalSection
	GlobalSection(ProjectConfigurationPlatforms) = postSolution
		{DFD20BE7-EB1E-448F-B215-6120254F06BA}.Debug|Any CPU.ActiveCfg = Debug|Any CPU
		{DFD20BE7-EB1E-448F-B215-6120254F06BA}.Debug|Any CPU.Build.0 = Debug|Any CPU
		{DFD20BE7-EB1E-448F-B215-6120254F06BA}.Release|Any CPU.ActiveCfg = Release|Any CPU
		{DFD20BE7-EB1E-448F-B215-6120254F06BA}.Release|Any CPU.Build.0 = Release|Any CPU
		{06AE56B4-F22A-46AB-A438-0E60E5B05469}.Debug|Any CPU.ActiveCfg = Debug|Any CPU
		{06AE56B4-F22A-46AB-A438-0E60E5B05469}.Debug|Any CPU.Build.0 = Debug|Any CPU
		{06AE56B4-F22A-46AB-A438-0E60E5B05469}.Release|Any CPU.ActiveCfg = Release|Any CPU
		{06AE56B4-F22A-46AB-A438-0E60E5B05469}.Release|Any CPU.Build.0 = Release|Any CPU
		{2C076751-7B3D-4C07-80F0-7C849BF3A2BA}.Debug|Any CPU.ActiveCfg = Debug|Any CPU
		{2C076751-7B3D-4C07-80F0-7C849BF3A2BA}.Debug|Any CPU.Build.0 = Debug|Any CPU
		{2C076751-7B3D-4C07-80F0-7C849BF3A2BA}.Release|Any CPU.ActiveCfg = Release|Any CPU
		{2C076751-7B3D-4C07-80F0-7C849BF3A2BA}.Release|Any CPU.Build.0 = Release|Any CPU
	EndGlobalSection
	GlobalSection(SolutionProperties) = preSolution
		HideSolutionNode = FALSE
	EndGlobalSection
	GlobalSection(ExtensibilityGlobals) = postSolution
		SolutionGuid = {7B7F27ED-54F7-45B7-984B-09F9578B2068}
	EndGlobalSection
EndGlobal
